{
  "name": "claim",
  "version": "1.0.0",
  "lockfileVersion": 2,
  "requires": true,
  "packages": {
    "": {
      "name": "claim",
      "version": "1.0.0",
      "license": "MIT",
      "dependencies": {
        "dotenv": "^16.0.2",
        "eosjs": "^22.1.0",
        "moment": "^2.29.4",
        "node-cron": "^3.0.2",
        "node-fetch": "^3.2.10",
        "telegraf": "^4.10.0"
      }
    },
    "node_modules/abort-controller": {
      "version": "3.0.0",
      "license": "MIT",
      "dependencies": {
        "event-target-shim": "^5.0.0"
      },
      "engines": {
        "node": ">=6.5"
      }
    },
    "node_modules/bn.js": {
      "version": "5.2.0",
      "license": "MIT"
    },
    "node_modules/brorand": {
      "version": "1.1.0",
      "license": "MIT"
    },
    "node_modules/buffer-alloc": {
      "version": "1.2.0",
      "license": "MIT",
      "dependencies": {
        "buffer-alloc-unsafe": "^1.1.0",
        "buffer-fill": "^1.0.0"
      }
    },
    "node_modules/buffer-alloc-unsafe": {
      "version": "1.1.0",
      "license": "MIT"
    },
    "node_modules/buffer-fill": {
      "version": "1.0.0",
      "license": "MIT"
    },
    "node_modules/data-uri-to-buffer": {
      "version": "4.0.0",
      "license": "MIT",
      "engines": {
        "node": ">= 12"
      }
    },
    "node_modules/debug": {
      "version": "4.3.4",
      "license": "MIT",
      "dependencies": {
        "ms": "2.1.2"
      },
      "engines": {
        "node": ">=6.0"
      },
      "peerDependenciesMeta": {
        "supports-color": {
          "optional": true
        }
      }
    },
    "node_modules/dotenv": {
      "version": "16.0.2",
      "license": "BSD-2-Clause",
      "engines": {
        "node": ">=12"
      }
    },
    "node_modules/elliptic": {
      "version": "6.5.4",
      "license": "MIT",
      "dependencies": {
        "bn.js": "^4.11.9",
        "brorand": "^1.1.0",
        "hash.js": "^1.0.0",
        "hmac-drbg": "^1.0.1",
        "inherits": "^2.0.4",
        "minimalistic-assert": "^1.0.1",
        "minimalistic-crypto-utils": "^1.0.1"
      }
    },
    "node_modules/elliptic/node_modules/bn.js": {
      "version": "4.12.0",
      "license": "MIT"
    },
    "node_modules/eosjs": {
      "version": "22.1.0",
      "license": "MIT",
      "dependencies": {
        "bn.js": "5.2.0",
        "elliptic": "6.5.4",
        "hash.js": "1.1.7",
        "pako": "2.0.3"
      }
    },
    "node_modules/event-target-shim": {
      "version": "5.0.1",
      "license": "MIT",
      "engines": {
        "node": ">=6"
      }
    },
    "node_modules/fetch-blob": {
      "version": "3.2.0",
      "funding": [
        {
          "type": "github",
          "url": "https://github.com/sponsors/jimmywarting"
        },
        {
          "type": "paypal",
          "url": "https://paypal.me/jimmywarting"
        }
      ],
      "license": "MIT",
      "dependencies": {
        "node-domexception": "^1.0.0",
        "web-streams-polyfill": "^3.0.3"
      },
      "engines": {
        "node": "^12.20 || >= 14.13"
      }
    },
    "node_modules/formdata-polyfill": {
      "version": "4.0.10",
      "license": "MIT",
      "dependencies": {
        "fetch-blob": "^3.1.2"
      },
      "engines": {
        "node": ">=12.20.0"
      }
    },
    "node_modules/hash.js": {
      "version": "1.1.7",
      "license": "MIT",
      "dependencies": {
        "inherits": "^2.0.3",
        "minimalistic-assert": "^1.0.1"
      }
    },
    "node_modules/hmac-drbg": {
      "version": "1.0.1",
      "license": "MIT",
      "dependencies": {
        "hash.js": "^1.0.3",
        "minimalistic-assert": "^1.0.0",
        "minimalistic-crypto-utils": "^1.0.1"
      }
    },
    "node_modules/inherits": {
      "version": "2.0.4",
      "license": "ISC"
    },
    "node_modules/minimalistic-assert": {
      "version": "1.0.1",
      "license": "ISC"
    },
    "node_modules/minimalistic-crypto-utils": {
      "version": "1.0.1",
      "license": "MIT"
    },
    "node_modules/moment": {
      "version": "2.29.4",
      "license": "MIT",
      "engines": {
        "node": "*"
      }
    },
    "node_modules/mri": {
      "version": "1.2.0",
      "license": "MIT",
      "engines": {
        "node": ">=4"
      }
    },
    "node_modules/ms": {
      "version": "2.1.2",
      "license": "MIT"
    },
    "node_modules/node-cron": {
      "version": "3.0.2",
      "license": "ISC",
      "dependencies": {
        "uuid": "8.3.2"
      },
      "engines": {
        "node": ">=6.0.0"
      }
    },
    "node_modules/node-domexception": {
      "version": "1.0.0",
      "funding": [
        {
          "type": "github",
          "url": "https://github.com/sponsors/jimmywarting"
        },
        {
          "type": "github",
          "url": "https://paypal.me/jimmywarting"
        }
      ],
      "license": "MIT",
      "engines": {
        "node": ">=10.5.0"
      }
    },
    "node_modules/node-fetch": {
      "version": "3.2.10",
      "license": "MIT",
      "dependencies": {
        "data-uri-to-buffer": "^4.0.0",
        "fetch-blob": "^3.1.4",
        "formdata-polyfill": "^4.0.10"
      },
      "engines": {
        "node": "^12.20.0 || ^14.13.1 || >=16.0.0"
      },
      "funding": {
        "type": "opencollective",
        "url": "https://opencollective.com/node-fetch"
      }
    },
    "node_modules/p-timeout": {
      "version": "4.1.0",
      "license": "MIT",
      "engines": {
        "node": ">=10"
      }
    },
    "node_modules/pako": {
      "version": "2.0.3",
      "license": "(MIT AND Zlib)"
    },
    "node_modules/safe-compare": {
      "version": "1.1.4",
      "license": "MIT",
      "dependencies": {
        "buffer-alloc": "^1.2.0"
      }
    },
    "node_modules/sandwich-stream": {
      "version": "2.0.2",
      "license": "Apache-2.0",
      "engines": {
        "node": ">= 0.10"
      }
    },
    "node_modules/telegraf": {
      "version": "4.10.0",
      "resolved": "https://registry.npmjs.org/telegraf/-/telegraf-4.10.0.tgz",
      "integrity": "sha512-dOlkC2s+f29jXEYN/R20gGQQ/2BCLmRaGkMKCnSZsLB7+7QZKxROu7PWkAB/kKj9Eedt3UpfqAv6bNhmeL9XGA==",
      "dependencies": {
        "abort-controller": "^3.0.0",
        "debug": "^4.3.3",
        "mri": "^1.2.0",
        "node-fetch": "^2.6.7",
        "p-timeout": "^4.1.0",
        "safe-compare": "^1.1.4",
        "sandwich-stream": "^2.0.2",
        "typegram": "^3.11.0"
      },
      "bin": {
        "telegraf": "lib/cli.mjs"
      },
      "engines": {
        "node": "^12.20.0 || >=14.13.1"
      }
    },
    "node_modules/telegraf/node_modules/node-fetch": {
      "version": "2.6.7",
      "license": "MIT",
      "dependencies": {
        "whatwg-url": "^5.0.0"
      },
      "engines": {
        "node": "4.x || >=6.0.0"
      },
      "peerDependencies": {
        "encoding": "^0.1.0"
      },
      "peerDependenciesMeta": {
        "encoding": {
          "optional": true
        }
      }
    },
    "node_modules/tr46": {
      "version": "0.0.3",
      "license": "MIT"
    },
    "node_modules/typegram": {
      "version": "3.12.0",
      "license": "MIT"
    },
    "node_modules/uuid": {
      "version": "8.3.2",
      "license": "MIT",
      "bin": {
        "uuid": "dist/bin/uuid"
      }
    },
    "node_modules/web-streams-polyfill": {
      "version": "3.2.1",
      "license": "MIT",
      "engines": {
        "node": ">= 8"
      }
    },
    "node_modules/webidl-conversions": {
      "version": "3.0.1",
      "license": "BSD-2-Clause"
    },
    "node_modules/whatwg-url": {
      "version": "5.0.0",
      "license": "MIT",
      "dependencies": {
        "tr46": "~0.0.3",
        "webidl-conversions": "^3.0.0"
      }
    }
  },
  "dependencies": {
    "abort-controller": {
      "version": "3.0.0",
      "requires": {
        "event-target-shim": "^5.0.0"
      }
    },
    "bn.js": {
      "version": "5.2.0"
    },
    "brorand": {
      "version": "1.1.0"
    },
    "buffer-alloc": {
      "version": "1.2.0",
      "requires": {
        "buffer-alloc-unsafe": "^1.1.0",
        "buffer-fill": "^1.0.0"
      }
    },
    "buffer-alloc-unsafe": {
      "version": "1.1.0"
    },
    "buffer-fill": {
      "version": "1.0.0"
    },
    "data-uri-to-buffer": {
      "version": "4.0.0"
    },
    "debug": {
      "version": "4.3.4",
      "requires": {
        "ms": "2.1.2"
      }
    },
    "dotenv": {
      "version": "16.0.2"
    },
    "elliptic": {
      "version": "6.5.4",
      "requires": {
        "bn.js": "^4.11.9",
        "brorand": "^1.1.0",
        "hash.js": "^1.0.0",
        "hmac-drbg": "^1.0.1",
        "inherits": "^2.0.4",
        "minimalistic-assert": "^1.0.1",
        "minimalistic-crypto-utils": "^1.0.1"
      },
      "dependencies": {
        "bn.js": {
          "version": "4.12.0"
        }
      }
    },
    "eosjs": {
      "version": "22.1.0",
      "requires": {
        "bn.js": "5.2.0",
        "elliptic": "6.5.4",
        "hash.js": "1.1.7",
        "pako": "2.0.3"
      }
    },
    "event-target-shim": {
      "version": "5.0.1"
    },
    "fetch-blob": {
      "version": "3.2.0",
      "requires": {
        "node-domexception": "^1.0.0",
        "web-streams-polyfill": "^3.0.3"
      }
    },
    "formdata-polyfill": {
      "version": "4.0.10",
      "requires": {
        "fetch-blob": "^3.1.2"
      }
    },
    "hash.js": {
      "version": "1.1.7",
      "requires": {
        "inherits": "^2.0.3",
        "minimalistic-assert": "^1.0.1"
      }
    },
    "hmac-drbg": {
      "version": "1.0.1",
      "requires": {
        "hash.js": "^1.0.3",
        "minimalistic-assert": "^1.0.0",
        "minimalistic-crypto-utils": "^1.0.1"
      }
    },
    "inherits": {
      "version": "2.0.4"
    },
    "minimalistic-assert": {
      "version": "1.0.1"
    },
    "minimalistic-crypto-utils": {
      "version": "1.0.1"
    },
    "moment": {
      "version": "2.29.4"
    },
    "mri": {
      "version": "1.2.0"
    },
    "ms": {
      "version": "2.1.2"
    },
    "node-cron": {
      "version": "3.0.2",
      "requires": {
        "uuid": "8.3.2"
      }
    },
    "node-domexception": {
      "version": "1.0.0"
    },
    "node-fetch": {
      "version": "3.2.10",
      "requires": {
        "data-uri-to-buffer": "^4.0.0",
        "fetch-blob": "^3.1.4",
        "formdata-polyfill": "^4.0.10"
      }
    },
    "p-timeout": {
      "version": "4.1.0"
    },
    "pako": {
      "version": "2.0.3"
    },
    "safe-compare": {
      "version": "1.1.4",
      "requires": {
        "buffer-alloc": "^1.2.0"
      }
    },
    "sandwich-stream": {
      "version": "2.0.2"
    },
    "telegraf": {
      "version": "4.10.0",
      "resolved": "https://registry.npmjs.org/telegraf/-/telegraf-4.10.0.tgz",
      "integrity": "sha512-dOlkC2s+f29jXEYN/R20gGQQ/2BCLmRaGkMKCnSZsLB7+7QZKxROu7PWkAB/kKj9Eedt3UpfqAv6bNhmeL9XGA==",
      "requires": {
        "abort-controller": "^3.0.0",
        "debug": "^4.3.3",
        "mri": "^1.2.0",
        "node-fetch": "^2.6.7",
        "p-timeout": "^4.1.0",
        "safe-compare": "^1.1.4",
        "sandwich-stream": "^2.0.2",
        "typegram": "^3.11.0"
      },
      "dependencies": {
        "node-fetch": {
          "version": "2.6.7",
          "requires": {
            "whatwg-url": "^5.0.0"
          }
        }
      }
    },
    "tr46": {
      "version": "0.0.3"
    },
    "typegram": {
      "version": "3.12.0"
    },
    "uuid": {
      "version": "8.3.2"
    },
    "web-streams-polyfill": {
      "version": "3.2.1"
    },
    "webidl-conversions": {
      "version": "3.0.1"
    },
    "whatwg-url": {
      "version": "5.0.0",
      "requires": {
        "tr46": "~0.0.3",
        "webidl-conversions": "^3.0.0"
      }
    }
  }
}
